
Microsoft Visual Studio Solution File, Format Version 12.00
# Visual Studio Version 17
VisualStudioVersion = 17.8.34330.188
MinimumVisualStudioVersion = 10.0.40219.1
Project("{9A19103F-16F7-4668-BE54-9A1E7A4F7556}") = "CodeScanning", "CodeScanning.csproj", "{256EDC89-5B53-44EF-A58D-72C3DDCACFCA}"
EndProject
Project("{9A19103F-16F7-4668-BE54-9A1E7A4F7556}") = "NUnitTests", "..\NUnitTests\NUnitTests.csproj", "{F816906B-AD42-495A-8507-3F0B8585CD4A}"
EndProject
Global
	GlobalSection(SolutionConfigurationPlatforms) = preSolution
		Debug|Any CPU = Debug|Any CPU
		Release|Any CPU = Release|Any CPU
	EndGlobalSection
	GlobalSection(ProjectConfigurationPlatforms) = postSolution
		{256EDC89-5B53-44EF-A58D-72C3DDCACFCA}.Debug|Any CPU.ActiveCfg = Debug|Any CPU
		{256EDC89-5B53-44EF-A58D-72C3DDCACFCA}.Debug|Any CPU.Build.0 = Debug|Any CPU
		{256EDC89-5B53-44EF-A58D-72C3DDCACFCA}.Release|Any CPU.ActiveCfg = Release|Any CPU
		{256EDC89-5B53-44EF-A58D-72C3DDCACFCA}.Release|Any CPU.Build.0 = Release|Any CPU
		{F816906B-AD42-495A-8507-3F0B8585CD4A}.Debug|Any CPU.ActiveCfg = Debug|Any CPU
		{F816906B-AD42-495A-8507-3F0B8585CD4A}.Debug|Any CPU.Build.0 = Debug|Any CPU
		{F816906B-AD42-495A-8507-3F0B8585CD4A}.Release|Any CPU.ActiveCfg = Release|Any CPU
		{F816906B-AD42-495A-8507-3F0B8585CD4A}.Release|Any CPU.Build.0 = Release|Any CPU
	EndGlobalSection
	GlobalSection(SolutionProperties) = preSolution
		HideSolutionNode = FALSE
	EndGlobalSection
	GlobalSection(ExtensibilityGlobals) = postSolution
		SolutionGuid = {9E592A2E-D558-46EE-AB7C-0800913BE632}
	EndGlobalSection
EndGlobal
